
Microsoft Visual Studio Solution File, Format Version 12.00
# Visual Studio Version 17
VisualStudioVersion = 17.0.32112.339
MinimumVisualStudioVersion = 10.0.40219.1
Project("{9A19103F-16F7-4668-BE54-9A1E7A4F7556}") = "Kanban.Api", "Kanban.Api\Kanban.Api.csproj", "{AB7AF4F3-4C65-4B71-A0C0-D463BD397D2D}"
EndProject
Project("{9A19103F-16F7-4668-BE54-9A1E7A4F7556}") = "Kanban.UnitTest", "Kanban.UnitTest\Kanban.UnitTest.csproj", "{EC2585C3-212D-4B08-9D12-BFAFAD6FBF95}"
EndProject
Project("{9A19103F-16F7-4668-BE54-9A1E7A4F7556}") = "Kanban.Domain", "Kanban.Domain\Kanban.Domain.csproj", "{B0AC82CA-6C3C-4BC7-B8D7-ABF851830517}"
EndProject
Project("{9A19103F-16F7-4668-BE54-9A1E7A4F7556}") = "Kanban.IoC", "Kanban.IoC\Kanban.IoC.csproj", "{2B52DF6B-1B71-4BD0-8559-C13872BA0CEB}"
EndProject
Project("{9A19103F-16F7-4668-BE54-9A1E7A4F7556}") = "Kanban.Data", "Kanban.Data\Kanban.Data.csproj", "{62B0CC1B-E724-4EAE-B027-291F62418796}"
EndProject
Global
	GlobalSection(SolutionConfigurationPlatforms) = preSolution
		Debug|Any CPU = Debug|Any CPU
		Release|Any CPU = Release|Any CPU
	EndGlobalSection
	GlobalSection(ProjectConfigurationPlatforms) = postSolution
		{AB7AF4F3-4C65-4B71-A0C0-D463BD397D2D}.Debug|Any CPU.ActiveCfg = Debug|Any CPU
		{AB7AF4F3-4C65-4B71-A0C0-D463BD397D2D}.Debug|Any CPU.Build.0 = Debug|Any CPU
		{AB7AF4F3-4C65-4B71-A0C0-D463BD397D2D}.Release|Any CPU.ActiveCfg = Release|Any CPU
		{AB7AF4F3-4C65-4B71-A0C0-D463BD397D2D}.Release|Any CPU.Build.0 = Release|Any CPU
		{EC2585C3-212D-4B08-9D12-BFAFAD6FBF95}.Debug|Any CPU.ActiveCfg = Debug|Any CPU
		{EC2585C3-212D-4B08-9D12-BFAFAD6FBF95}.Debug|Any CPU.Build.0 = Debug|Any CPU
		{EC2585C3-212D-4B08-9D12-BFAFAD6FBF95}.Release|Any CPU.ActiveCfg = Release|Any CPU
		{EC2585C3-212D-4B08-9D12-BFAFAD6FBF95}.Release|Any CPU.Build.0 = Release|Any CPU
		{B0AC82CA-6C3C-4BC7-B8D7-ABF851830517}.Debug|Any CPU.ActiveCfg = Debug|Any CPU
		{B0AC82CA-6C3C-4BC7-B8D7-ABF851830517}.Debug|Any CPU.Build.0 = Debug|Any CPU
		{B0AC82CA-6C3C-4BC7-B8D7-ABF851830517}.Release|Any CPU.ActiveCfg = Release|Any CPU
		{B0AC82CA-6C3C-4BC7-B8D7-ABF851830517}.Release|Any CPU.Build.0 = Release|Any CPU
		{2B52DF6B-1B71-4BD0-8559-C13872BA0CEB}.Debug|Any CPU.ActiveCfg = Debug|Any CPU
		{2B52DF6B-1B71-4BD0-8559-C13872BA0CEB}.Debug|Any CPU.Build.0 = Debug|Any CPU
		{2B52DF6B-1B71-4BD0-8559-C13872BA0CEB}.Release|Any CPU.ActiveCfg = Release|Any CPU
		{2B52DF6B-1B71-4BD0-8559-C13872BA0CEB}.Release|Any CPU.Build.0 = Release|Any CPU
		{62B0CC1B-E724-4EAE-B027-291F62418796}.Debug|Any CPU.ActiveCfg = Debug|Any CPU
		{62B0CC1B-E724-4EAE-B027-291F62418796}.Debug|Any CPU.Build.0 = Debug|Any CPU
		{62B0CC1B-E724-4EAE-B027-291F62418796}.Release|Any CPU.ActiveCfg = Release|Any CPU
		{62B0CC1B-E724-4EAE-B027-291F62418796}.Release|Any CPU.Build.0 = Release|Any CPU
	EndGlobalSection
	GlobalSection(SolutionProperties) = preSolution
		HideSolutionNode = FALSE
	EndGlobalSection
	GlobalSection(ExtensibilityGlobals) = postSolution
		SolutionGuid = {335DD386-F068-46FB-97F5-0F160F091FF2}
	EndGlobalSection
EndGlobal
